
Microsoft Visual Studio Solution File, Format Version 12.00
# Visual Studio Version 17
VisualStudioVersion = 17.5.33627.172
MinimumVisualStudioVersion = 10.0.40219.1
Project("{FAE04EC0-301F-11D3-BF4B-00C04F79EFBC}") = "web.server", "web.server\web.server.csproj", "{733692E2-9C13-4EEF-855F-DB6785A2658E}"
EndProject
Global
	GlobalSection(SolutionConfigurationPlatforms) = preSolution
		Debug|Any CPU = Debug|Any CPU
		Release|Any CPU = Release|Any CPU
	EndGlobalSection
	GlobalSection(ProjectConfigurationPlatforms) = postSolution
		{733692E2-9C13-4EEF-855F-DB6785A2658E}.Debug|Any CPU.ActiveCfg = Debug|Any CPU
		{733692E2-9C13-4EEF-855F-DB6785A2658E}.Debug|Any CPU.Build.0 = Debug|Any CPU
		{733692E2-9C13-4EEF-855F-DB6785A2658E}.Release|Any CPU.ActiveCfg = Release|Any CPU
		{733692E2-9C13-4EEF-855F-DB6785A2658E}.Release|Any CPU.Build.0 = Release|Any CPU
	EndGlobalSection
	GlobalSection(SolutionProperties) = preSolution
		HideSolutionNode = FALSE
	EndGlobalSection
	GlobalSection(ExtensibilityGlobals) = postSolution
		SolutionGuid = {F94F047E-91B5-4395-A982-6B2716F5354A}
	EndGlobalSection
EndGlobal
